// !$*UTF8*$!
{
	archiveVersion = 1;
	classes = {
	};
	objectVersion = 46;
	objects = {

/* Begin PBXBuildFile section */
		180DE82F1F7E803700221C99 /* MapKit.framework in Frameworks */ = {isa = PBXBuildFile; fileRef = 180DE82E1F7E803700221C99 /* MapKit.framework */; };
		180DE8331F7EFB4E00221C99 /* ActivityPin.swift in Sources */ = {isa = PBXBuildFile; fileRef = 180DE8321F7EFB4E00221C99 /* ActivityPin.swift */; };
		181565EA1F7AC9340099C9C0 /* AppDelegate.swift in Sources */ = {isa = PBXBuildFile; fileRef = 181565E91F7AC9340099C9C0 /* AppDelegate.swift */; };
		181565F41F7AC9340099C9C0 /* LaunchScreen.storyboard in Resources */ = {isa = PBXBuildFile; fileRef = 181565F21F7AC9340099C9C0 /* LaunchScreen.storyboard */; };
		181565FD1F7AC9660099C9C0 /* Main.storyboard in Resources */ = {isa = PBXBuildFile; fileRef = 181565FB1F7AC9660099C9C0 /* Main.storyboard */; };
		181566021F7AC9C90099C9C0 /* ActivitieInfoViewController.swift in Sources */ = {isa = PBXBuildFile; fileRef = 181565FE1F7AC9C90099C9C0 /* ActivitieInfoViewController.swift */; };
		181566031F7AC9C90099C9C0 /* AddActivitieViewController.swift in Sources */ = {isa = PBXBuildFile; fileRef = 181565FF1F7AC9C90099C9C0 /* AddActivitieViewController.swift */; };
		181566041F7AC9C90099C9C0 /* FirstViewController.swift in Sources */ = {isa = PBXBuildFile; fileRef = 181566001F7AC9C90099C9C0 /* FirstViewController.swift */; };
		181566051F7AC9C90099C9C0 /* SelectIconsCollectionViewCell.swift in Sources */ = {isa = PBXBuildFile; fileRef = 181566011F7AC9C90099C9C0 /* SelectIconsCollectionViewCell.swift */; };
		1884E5E91F7D7B9900ADA37F /* PopView.swift in Sources */ = {isa = PBXBuildFile; fileRef = 1884E5E81F7D7B9900ADA37F /* PopView.swift */; };
		1884E5EB1F7D7C6400ADA37F /* CulturalActivities.swift in Sources */ = {isa = PBXBuildFile; fileRef = 1884E5EA1F7D7C6400ADA37F /* CulturalActivities.swift */; };
		1884E5ED1F7D7C8400ADA37F /* Tag.swift in Sources */ = {isa = PBXBuildFile; fileRef = 1884E5EC1F7D7C8400ADA37F /* Tag.swift */; };
		1884E5EF1F7D862800ADA37F /* bancoDeDados.swift in Sources */ = {isa = PBXBuildFile; fileRef = 1884E5EE1F7D862800ADA37F /* bancoDeDados.swift */; };
		EF2314561F81EC710080C4FD /* Assets.xcassets in Resources */ = {isa = PBXBuildFile; fileRef = EF2314551F81EC710080C4FD /* Assets.xcassets */; };
		EF2ED9351F7DC0DB00425E1C /* ActivitiesTableviewCell.swift in Sources */ = {isa = PBXBuildFile; fileRef = EF2ED9341F7DC0DB00425E1C /* ActivitiesTableviewCell.swift */; };
/* End PBXBuildFile section */

/* Begin PBXFileReference section */
		180DE82E1F7E803700221C99 /* MapKit.framework */ = {isa = PBXFileReference; lastKnownFileType = wrapper.framework; name = MapKit.framework; path = System/Library/Frameworks/MapKit.framework; sourceTree = SDKROOT; };
		180DE8321F7EFB4E00221C99 /* ActivityPin.swift */ = {isa = PBXFileReference; fileEncoding = 4; lastKnownFileType = sourcecode.swift; path = ActivityPin.swift; sourceTree = "<group>"; };
		181565E61F7AC9340099C9C0 /* Balaio.app */ = {isa = PBXFileReference; explicitFileType = wrapper.application; includeInIndex = 0; path = Balaio.app; sourceTree = BUILT_PRODUCTS_DIR; };
		181565E91F7AC9340099C9C0 /* AppDelegate.swift */ = {isa = PBXFileReference; lastKnownFileType = sourcecode.swift; path = AppDelegate.swift; sourceTree = "<group>"; };
		181565F31F7AC9340099C9C0 /* Base */ = {isa = PBXFileReference; lastKnownFileType = file.storyboard; name = Base; path = Base.lproj/LaunchScreen.storyboard; sourceTree = "<group>"; };
		181565F51F7AC9340099C9C0 /* Info.plist */ = {isa = PBXFileReference; lastKnownFileType = text.plist.xml; path = Info.plist; sourceTree = "<group>"; };
		181565FC1F7AC9660099C9C0 /* Base */ = {isa = PBXFileReference; lastKnownFileType = file.storyboard; name = Base; path = Base.lproj/Main.storyboard; sourceTree = "<group>"; };
		181565FE1F7AC9C90099C9C0 /* ActivitieInfoViewController.swift */ = {isa = PBXFileReference; fileEncoding = 4; lastKnownFileType = sourcecode.swift; path = ActivitieInfoViewController.swift; sourceTree = "<group>"; };
		181565FF1F7AC9C90099C9C0 /* AddActivitieViewController.swift */ = {isa = PBXFileReference; fileEncoding = 4; lastKnownFileType = sourcecode.swift; path = AddActivitieViewController.swift; sourceTree = "<group>"; };
		181566001F7AC9C90099C9C0 /* FirstViewController.swift */ = {isa = PBXFileReference; fileEncoding = 4; lastKnownFileType = sourcecode.swift; path = FirstViewController.swift; sourceTree = "<group>"; };
		181566011F7AC9C90099C9C0 /* SelectIconsCollectionViewCell.swift */ = {isa = PBXFileReference; fileEncoding = 4; lastKnownFileType = sourcecode.swift; path = SelectIconsCollectionViewCell.swift; sourceTree = "<group>"; };
		1884E5E81F7D7B9900ADA37F /* PopView.swift */ = {isa = PBXFileReference; fileEncoding = 4; lastKnownFileType = sourcecode.swift; path = PopView.swift; sourceTree = "<group>"; };
		1884E5EA1F7D7C6400ADA37F /* CulturalActivities.swift */ = {isa = PBXFileReference; fileEncoding = 4; lastKnownFileType = sourcecode.swift; path = CulturalActivities.swift; sourceTree = "<group>"; };
		1884E5EC1F7D7C8400ADA37F /* Tag.swift */ = {isa = PBXFileReference; fileEncoding = 4; lastKnownFileType = sourcecode.swift; path = Tag.swift; sourceTree = "<group>"; };
		1884E5EE1F7D862800ADA37F /* bancoDeDados.swift */ = {isa = PBXFileReference; fileEncoding = 4; lastKnownFileType = sourcecode.swift; path = bancoDeDados.swift; sourceTree = "<group>"; };
		EF2314551F81EC710080C4FD /* Assets.xcassets */ = {isa = PBXFileReference; lastKnownFileType = folder.assetcatalog; path = Assets.xcassets; sourceTree = "<group>"; };
		EF2ED9341F7DC0DB00425E1C /* ActivitiesTableviewCell.swift */ = {isa = PBXFileReference; fileEncoding = 4; lastKnownFileType = sourcecode.swift; path = ActivitiesTableviewCell.swift; sourceTree = "<group>"; };
/* End PBXFileReference section */

/* Begin PBXFrameworksBuildPhase section */
		181565E31F7AC9340099C9C0 /* Frameworks */ = {
			isa = PBXFrameworksBuildPhase;
			buildActionMask = 2147483647;
			files = (
				180DE82F1F7E803700221C99 /* MapKit.framework in Frameworks */,
			);
			runOnlyForDeploymentPostprocessing = 0;
		};
/* End PBXFrameworksBuildPhase section */

/* Begin PBXGroup section */
		180DE82D1F7E803700221C99 /* Frameworks */ = {
			isa = PBXGroup;
			children = (
				180DE82E1F7E803700221C99 /* MapKit.framework */,
			);
			name = Frameworks;
			sourceTree = "<group>";
		};
		181565DD1F7AC9340099C9C0 = {
			isa = PBXGroup;
			children = (
				181565E81F7AC9340099C9C0 /* Balaio */,
				181565E71F7AC9340099C9C0 /* Products */,
				180DE82D1F7E803700221C99 /* Frameworks */,
			);
			sourceTree = "<group>";
		};
		181565E71F7AC9340099C9C0 /* Products */ = {
			isa = PBXGroup;
			children = (
				181565E61F7AC9340099C9C0 /* Balaio.app */,
			);
			name = Products;
			sourceTree = "<group>";
		};
		181565E81F7AC9340099C9C0 /* Balaio */ = {
			isa = PBXGroup;
			children = (
				180DE8321F7EFB4E00221C99 /* ActivityPin.swift */,
				EF2ED9341F7DC0DB00425E1C /* ActivitiesTableviewCell.swift */,
				181565E91F7AC9340099C9C0 /* AppDelegate.swift */,
				181566001F7AC9C90099C9C0 /* FirstViewController.swift */,
				181566011F7AC9C90099C9C0 /* SelectIconsCollectionViewCell.swift */,
				181565FE1F7AC9C90099C9C0 /* ActivitieInfoViewController.swift */,
				1884E5E81F7D7B9900ADA37F /* PopView.swift */,
				181565FF1F7AC9C90099C9C0 /* AddActivitieViewController.swift */,
				1884E5EC1F7D7C8400ADA37F /* Tag.swift */,
				1884E5EE1F7D862800ADA37F /* bancoDeDados.swift */,
				1884E5EA1F7D7C6400ADA37F /* CulturalActivities.swift */,
				EF2314551F81EC710080C4FD /* Assets.xcassets */,
				181565FB1F7AC9660099C9C0 /* Main.storyboard */,
				181565F21F7AC9340099C9C0 /* LaunchScreen.storyboard */,
				181565F51F7AC9340099C9C0 /* Info.plist */,
			);
			path = Balaio;
			sourceTree = "<group>";
		};
/* End PBXGroup section */

/* Begin PBXNativeTarget section */
		181565E51F7AC9340099C9C0 /* Balaio */ = {
			isa = PBXNativeTarget;
			buildConfigurationList = 181565F81F7AC9340099C9C0 /* Build configuration list for PBXNativeTarget "Balaio" */;
			buildPhases = (
				181565E21F7AC9340099C9C0 /* Sources */,
				181565E31F7AC9340099C9C0 /* Frameworks */,
				181565E41F7AC9340099C9C0 /* Resources */,
			);
			buildRules = (
			);
			dependencies = (
			);
			name = Balaio;
			productName = Balaio;
			productReference = 181565E61F7AC9340099C9C0 /* Balaio.app */;
			productType = "com.apple.product-type.application";
		};
/* End PBXNativeTarget section */

/* Begin PBXProject section */
		181565DE1F7AC9340099C9C0 /* Project object */ = {
			isa = PBXProject;
			attributes = {
				LastSwiftUpdateCheck = 0830;
				LastUpgradeCheck = 0830;
				ORGANIZATIONNAME = "Camila Simões Marques Wanderley";
				TargetAttributes = {
					181565E51F7AC9340099C9C0 = {
						CreatedOnToolsVersion = 8.3.3;
						DevelopmentTeam = AUVGK4GFGB;
						ProvisioningStyle = Automatic;
						SystemCapabilities = {
							com.apple.BackgroundModes = {
								enabled = 0;
							};
							com.apple.Maps.iOS = {
								enabled = 1;
							};
						};
					};
				};
			};
			buildConfigurationList = 181565E11F7AC9340099C9C0 /* Build configuration list for PBXProject "Balaio" */;
			compatibilityVersion = "Xcode 3.2";
			developmentRegion = English;
			hasScannedForEncodings = 0;
			knownRegions = (
				en,
				Base,
			);
			mainGroup = 181565DD1F7AC9340099C9C0;
			productRefGroup = 181565E71F7AC9340099C9C0 /* Products */;
			projectDirPath = "";
			projectRoot = "";
			targets = (
				181565E51F7AC9340099C9C0 /* Balaio */,
			);
		};
/* End PBXProject section */

/* Begin PBXResourcesBuildPhase section */
		181565E41F7AC9340099C9C0 /* Resources */ = {
			isa = PBXResourcesBuildPhase;
			buildActionMask = 2147483647;
			files = (
				181565FD1F7AC9660099C9C0 /* Main.storyboard in Resources */,
				EF2314561F81EC710080C4FD /* Assets.xcassets in Resources */,
				181565F41F7AC9340099C9C0 /* LaunchScreen.storyboard in Resources */,
			);
			runOnlyForDeploymentPostprocessing = 0;
		};
/* End PBXResourcesBuildPhase section */

/* Begin PBXSourcesBuildPhase section */
		181565E21F7AC9340099C9C0 /* Sources */ = {
			isa = PBXSourcesBuildPhase;
			buildActionMask = 2147483647;
			files = (
				EF2ED9351F7DC0DB00425E1C /* ActivitiesTableviewCell.swift in Sources */,
				1884E5ED1F7D7C8400ADA37F /* Tag.swift in Sources */,
				181566041F7AC9C90099C9C0 /* FirstViewController.swift in Sources */,
				180DE8331F7EFB4E00221C99 /* ActivityPin.swift in Sources */,
				181566051F7AC9C90099C9C0 /* SelectIconsCollectionViewCell.swift in Sources */,
				181565EA1F7AC9340099C9C0 /* AppDelegate.swift in Sources */,
				1884E5EF1F7D862800ADA37F /* bancoDeDados.swift in Sources */,
				181566031F7AC9C90099C9C0 /* AddActivitieViewController.swift in Sources */,
				1884E5EB1F7D7C6400ADA37F /* CulturalActivities.swift in Sources */,
				1884E5E91F7D7B9900ADA37F /* PopView.swift in Sources */,
				181566021F7AC9C90099C9C0 /* ActivitieInfoViewController.swift in Sources */,
			);
			runOnlyForDeploymentPostprocessing = 0;
		};
/* End PBXSourcesBuildPhase section */

/* Begin PBXVariantGroup section */
		181565F21F7AC9340099C9C0 /* LaunchScreen.storyboard */ = {
			isa = PBXVariantGroup;
			children = (
				181565F31F7AC9340099C9C0 /* Base */,
			);
			name = LaunchScreen.storyboard;
			sourceTree = "<group>";
		};
		181565FB1F7AC9660099C9C0 /* Main.storyboard */ = {
			isa = PBXVariantGroup;
			children = (
				181565FC1F7AC9660099C9C0 /* Base */,
			);
			name = Main.storyboard;
			sourceTree = "<group>";
		};
/* End PBXVariantGroup section */

/* Begin XCBuildConfiguration section */
		181565F61F7AC9340099C9C0 /* Debug */ = {
			isa = XCBuildConfiguration;
			buildSettings = {
				ALWAYS_SEARCH_USER_PATHS = NO;
				CLANG_ANALYZER_NONNULL = YES;
				CLANG_ANALYZER_NUMBER_OBJECT_CONVERSION = YES_AGGRESSIVE;
				CLANG_CXX_LANGUAGE_STANDARD = "gnu++0x";
				CLANG_CXX_LIBRARY = "libc++";
				CLANG_ENABLE_MODULES = YES;
				CLANG_ENABLE_OBJC_ARC = YES;
				CLANG_WARN_BOOL_CONVERSION = YES;
				CLANG_WARN_CONSTANT_CONVERSION = YES;
				CLANG_WARN_DIRECT_OBJC_ISA_USAGE = YES_ERROR;
				CLANG_WARN_DOCUMENTATION_COMMENTS = YES;
				CLANG_WARN_EMPTY_BODY = YES;
				CLANG_WARN_ENUM_CONVERSION = YES;
				CLANG_WARN_INFINITE_RECURSION = YES;
				CLANG_WARN_INT_CONVERSION = YES;
				CLANG_WARN_OBJC_ROOT_CLASS = YES_ERROR;
				CLANG_WARN_SUSPICIOUS_MOVE = YES;
				CLANG_WARN_UNREACHABLE_CODE = YES;
				CLANG_WARN__DUPLICATE_METHOD_MATCH = YES;
				"CODE_SIGN_IDENTITY[sdk=iphoneos*]" = "iPhone Developer";
				COPY_PHASE_STRIP = NO;
				DEBUG_INFORMATION_FORMAT = dwarf;
				ENABLE_STRICT_OBJC_MSGSEND = YES;
				ENABLE_TESTABILITY = YES;
				GCC_C_LANGUAGE_STANDARD = gnu99;
				GCC_DYNAMIC_NO_PIC = NO;
				GCC_NO_COMMON_BLOCKS = YES;
				GCC_OPTIMIZATION_LEVEL = 0;
				GCC_PREPROCESSOR_DEFINITIONS = (
					"DEBUG=1",
					"$(inherited)",
				);
				GCC_WARN_64_TO_32_BIT_CONVERSION = YES;
				GCC_WARN_ABOUT_RETURN_TYPE = YES_ERROR;
				GCC_WARN_UNDECLARED_SELECTOR = YES;
				GCC_WARN_UNINITIALIZED_AUTOS = YES_AGGRESSIVE;
				GCC_WARN_UNUSED_FUNCTION = YES;
				GCC_WARN_UNUSED_VARIABLE = YES;
				IPHONEOS_DEPLOYMENT_TARGET = 10.3;
				MTL_ENABLE_DEBUG_INFO = YES;
				ONLY_ACTIVE_ARCH = YES;
				SDKROOT = iphoneos;
				SWIFT_ACTIVE_COMPILATION_CONDITIONS = DEBUG;
				SWIFT_OPTIMIZATION_LEVEL = "-Onone";
			};
			name = Debug;
		};
		181565F71F7AC9340099C9C0 /* Release */ = {
			isa = XCBuildConfiguration;
			buildSettings = {
				ALWAYS_SEARCH_USER_PATHS = NO;
				CLANG_ANALYZER_NONNULL = YES;
				CLANG_ANALYZER_NUMBER_OBJECT_CONVERSION = YES_AGGRESSIVE;
				CLANG_CXX_LANGUAGE_STANDARD = "gnu++0x";
				CLANG_CXX_LIBRARY = "libc++";
				CLANG_ENABLE_MODULES = YES;
				CLANG_ENABLE_OBJC_ARC = YES;
				CLANG_WARN_BOOL_CONVERSION = YES;
				CLANG_WARN_CONSTANT_CONVERSION = YES;
				CLANG_WARN_DIRECT_OBJC_ISA_USAGE = YES_ERROR;
				CLANG_WARN_DOCUMENTATION_COMMENTS = YES;
				CLANG_WARN_EMPTY_BODY = YES;
				CLANG_WARN_ENUM_CONVERSION = YES;
				CLANG_WARN_INFINITE_RECURSION = YES;
				CLANG_WARN_INT_CONVERSION = YES;
				CLANG_WARN_OBJC_ROOT_CLASS = YES_ERROR;
				CLANG_WARN_SUSPICIOUS_MOVE = YES;
				CLANG_WARN_UNREACHABLE_CODE = YES;
				CLANG_WARN__DUPLICATE_METHOD_MATCH = YES;
				"CODE_SIGN_IDENTITY[sdk=iphoneos*]" = "iPhone Developer";
				COPY_PHASE_STRIP = NO;
				DEBUG_INFORMATION_FORMAT = "dwarf-with-dsym";
				ENABLE_NS_ASSERTIONS = NO;
				ENABLE_STRICT_OBJC_MSGSEND = YES;
				GCC_C_LANGUAGE_STANDARD = gnu99;
				GCC_NO_COMMON_BLOCKS = YES;
				GCC_WARN_64_TO_32_BIT_CONVERSION = YES;
				GCC_WARN_ABOUT_RETURN_TYPE = YES_ERROR;
				GCC_WARN_UNDECLARED_SELECTOR = YES;
				GCC_WARN_UNINITIALIZED_AUTOS = YES_AGGRESSIVE;
				GCC_WARN_UNUSED_FUNCTION = YES;
				GCC_WARN_UNUSED_VARIABLE = YES;
				IPHONEOS_DEPLOYMENT_TARGET = 10.3;
				MTL_ENABLE_DEBUG_INFO = NO;
				SDKROOT = iphoneos;
				SWIFT_OPTIMIZATION_LEVEL = "-Owholemodule";
				VALIDATE_PRODUCT = YES;
			};
			name = Release;
		};
		181565F91F7AC9340099C9C0 /* Debug */ = {
			isa = XCBuildConfiguration;
			buildSettings = {
				ASSETCATALOG_COMPILER_APPICON_NAME = AppIcon;
				DEVELOPMENT_TEAM = AUVGK4GFGB;
				INFOPLIST_FILE = Balaio/Info.plist;
				LD_RUNPATH_SEARCH_PATHS = "$(inherited) @executable_path/Frameworks";
				PRODUCT_BUNDLE_IDENTIFIER = balaio.bepidinho;
				PRODUCT_NAME = "$(TARGET_NAME)";
				SWIFT_VERSION = 3.0;
			};
			name = Debug;
		};
		181565FA1F7AC9340099C9C0 /* Release */ = {
			isa = XCBuildConfiguration;
			buildSettings = {
				ASSETCATALOG_COMPILER_APPICON_NAME = AppIcon;
				DEVELOPMENT_TEAM = AUVGK4GFGB;
				INFOPLIST_FILE = Balaio/Info.plist;
				LD_RUNPATH_SEARCH_PATHS = "$(inherited) @executable_path/Frameworks";
				PRODUCT_BUNDLE_IDENTIFIER = balaio.bepidinho;
				PRODUCT_NAME = "$(TARGET_NAME)";
				SWIFT_VERSION = 3.0;
			};
			name = Release;
		};
/* End XCBuildConfiguration section */

/* Begin XCConfigurationList section */
		181565E11F7AC9340099C9C0 /* Build configuration list for PBXProject "Balaio" */ = {
			isa = XCConfigurationList;
			buildConfigurations = (
				181565F61F7AC9340099C9C0 /* Debug */,
				181565F71F7AC9340099C9C0 /* Release */,
			);
			defaultConfigurationIsVisible = 0;
			defaultConfigurationName = Release;
		};
		181565F81F7AC9340099C9C0 /* Build configuration list for PBXNativeTarget "Balaio" */ = {
			isa = XCConfigurationList;
			buildConfigurations = (
				181565F91F7AC9340099C9C0 /* Debug */,
				181565FA1F7AC9340099C9C0 /* Release */,
			);
			defaultConfigurationIsVisible = 0;
			defaultConfigurationName = Release;
		};
/* End XCConfigurationList section */
	};
	rootObject = 181565DE1F7AC9340099C9C0 /* Project object */;
}
